// !$*UTF8*$!
{
	archiveVersion = 1;
	classes = {
	};
	objectVersion = 56;
	objects = {

/* Begin PBXBuildFile section */
		E4185C34296D30E70016AC81 /* LoginViewModel.swift in Sources */ = {isa = PBXBuildFile; fileRef = E4185C33296D30E70016AC81 /* LoginViewModel.swift */; };
		E4185C36296D385C0016AC81 /* ProfileModel.swift in Sources */ = {isa = PBXBuildFile; fileRef = E4185C35296D385C0016AC81 /* ProfileModel.swift */; };
		E4185C39296D3B750016AC81 /* ApiProfile.swift in Sources */ = {isa = PBXBuildFile; fileRef = E4185C38296D3B750016AC81 /* ApiProfile.swift */; };
		E4185C3B296D3F270016AC81 /* ProfileViewModel.swift in Sources */ = {isa = PBXBuildFile; fileRef = E4185C3A296D3F270016AC81 /* ProfileViewModel.swift */; };
		E4185C3E296D428E0016AC81 /* SDWebImage in Frameworks */ = {isa = PBXBuildFile; productRef = E4185C3D296D428E0016AC81 /* SDWebImage */; };
		E4185C40296DC7AC0016AC81 /* DetailsViewController.swift in Sources */ = {isa = PBXBuildFile; fileRef = E4185C3F296DC7AC0016AC81 /* DetailsViewController.swift */; };
		E440540C296CE9F40033549B /* AppDelegate.swift in Sources */ = {isa = PBXBuildFile; fileRef = E440540B296CE9F40033549B /* AppDelegate.swift */; };
		E440540E296CE9F40033549B /* SceneDelegate.swift in Sources */ = {isa = PBXBuildFile; fileRef = E440540D296CE9F40033549B /* SceneDelegate.swift */; };
		E4405415296CE9F50033549B /* Assets.xcassets in Resources */ = {isa = PBXBuildFile; fileRef = E4405414296CE9F50033549B /* Assets.xcassets */; };
		E4405418296CE9F50033549B /* LaunchScreen.storyboard in Resources */ = {isa = PBXBuildFile; fileRef = E4405416296CE9F50033549B /* LaunchScreen.storyboard */; };
		E440542A296CED600033549B /* NetworkService.swift in Sources */ = {isa = PBXBuildFile; fileRef = E4405427296CED600033549B /* NetworkService.swift */; };
		E440542B296CED600033549B /* Enviroment.swift in Sources */ = {isa = PBXBuildFile; fileRef = E4405429296CED600033549B /* Enviroment.swift */; };
		E440542C296CED600033549B /* ServiceConfig.swift in Sources */ = {isa = PBXBuildFile; fileRef = E4405428296CED600033549B /* ServiceConfig.swift */; };
		E440542E296CED600033549B /* EncodeUtils.swift in Sources */ = {isa = PBXBuildFile; fileRef = E4405426296CED600033549B /* EncodeUtils.swift */; };
		E440542F296CED600033549B /* HeaderFactory.swift in Sources */ = {isa = PBXBuildFile; fileRef = E4405424296CED600033549B /* HeaderFactory.swift */; };
		E4405434296CEDA20033549B /* Initable.swift in Sources */ = {isa = PBXBuildFile; fileRef = E4405432296CEDA20033549B /* Initable.swift */; };
		E4405435296CEDA20033549B /* Request.swift in Sources */ = {isa = PBXBuildFile; fileRef = E4405433296CEDA20033549B /* Request.swift */; };
		E4405438296CEDC60033549B /* RxAlamofire in Frameworks */ = {isa = PBXBuildFile; productRef = E4405437296CEDC60033549B /* RxAlamofire */; };
		E440543B296CEE430033549B /* Extensions.swift in Sources */ = {isa = PBXBuildFile; fileRef = E440543A296CEE430033549B /* Extensions.swift */; };
		E440543F296CF7370033549B /* LoginViewController.swift in Sources */ = {isa = PBXBuildFile; fileRef = E440543E296CF7370033549B /* LoginViewController.swift */; };
		E4405441296CF7440033549B /* ProfileViewController.swift in Sources */ = {isa = PBXBuildFile; fileRef = E4405440296CF7440033549B /* ProfileViewController.swift */; };
		E4405443296CFA570033549B /* AppConstraints.swift in Sources */ = {isa = PBXBuildFile; fileRef = E4405442296CFA570033549B /* AppConstraints.swift */; };
		E4405445296CFEB10033549B /* AppColors.swift in Sources */ = {isa = PBXBuildFile; fileRef = E4405444296CFEB10033549B /* AppColors.swift */; };
		E4405448296D00020033549B /* MaterialOutlinedTextField in Frameworks */ = {isa = PBXBuildFile; productRef = E4405447296D00020033549B /* MaterialOutlinedTextField */; };
		E440544C296D04DF0033549B /* PrimaryButton.swift in Sources */ = {isa = PBXBuildFile; fileRef = E440544B296D04DF0033549B /* PrimaryButton.swift */; };
		E440544E296D055D0033549B /* AppConstants.swift in Sources */ = {isa = PBXBuildFile; fileRef = E440544D296D055D0033549B /* AppConstants.swift */; };
		E440545A296D1DB30033549B /* IQKeyboardManager.swift in Sources */ = {isa = PBXBuildFile; fileRef = E4405451296D1DB20033549B /* IQKeyboardManager.swift */; };
		E440545B296D1DB30033549B /* IQKeyboardManager+Debug.swift in Sources */ = {isa = PBXBuildFile; fileRef = E4405452296D1DB20033549B /* IQKeyboardManager+Debug.swift */; };
		E440545C296D1DB30033549B /* IQKeyboardManager+UIKeyboardNotification.swift in Sources */ = {isa = PBXBuildFile; fileRef = E4405453296D1DB20033549B /* IQKeyboardManager+UIKeyboardNotification.swift */; };
		E440545D296D1DB30033549B /* IQKeyboardManager+Internal.swift in Sources */ = {isa = PBXBuildFile; fileRef = E4405454296D1DB20033549B /* IQKeyboardManager+Internal.swift */; };
		E440545E296D1DB30033549B /* IQKeyboardManager+OrientationNotification.swift in Sources */ = {isa = PBXBuildFile; fileRef = E4405455296D1DB20033549B /* IQKeyboardManager+OrientationNotification.swift */; };
		E440545F296D1DB30033549B /* IQKeyboardManager+UITextFieldViewNotification.swift in Sources */ = {isa = PBXBuildFile; fileRef = E4405456296D1DB20033549B /* IQKeyboardManager+UITextFieldViewNotification.swift */; };
		E4405460296D1DB30033549B /* IQKeyboardManager+Position.swift in Sources */ = {isa = PBXBuildFile; fileRef = E4405457296D1DB20033549B /* IQKeyboardManager+Position.swift */; };
		E4405461296D1DB30033549B /* IQKeyboardReturnKeyHandler.swift in Sources */ = {isa = PBXBuildFile; fileRef = E4405458296D1DB30033549B /* IQKeyboardReturnKeyHandler.swift */; };
		E4405462296D1DB30033549B /* IQKeyboardManager+Toolbar.swift in Sources */ = {isa = PBXBuildFile; fileRef = E4405459296D1DB30033549B /* IQKeyboardManager+Toolbar.swift */; };
		E440546D296D1E010033549B /* IQBarButtonItem.swift in Sources */ = {isa = PBXBuildFile; fileRef = E4405467296D1E010033549B /* IQBarButtonItem.swift */; };
		E440546E296D1E010033549B /* IQTitleBarButtonItem.swift in Sources */ = {isa = PBXBuildFile; fileRef = E4405468296D1E010033549B /* IQTitleBarButtonItem.swift */; };
		E440546F296D1E010033549B /* IQUIView+IQKeyboardToolbar.swift in Sources */ = {isa = PBXBuildFile; fileRef = E4405469296D1E010033549B /* IQUIView+IQKeyboardToolbar.swift */; };
		E4405470296D1E010033549B /* IQPreviousNextView.swift in Sources */ = {isa = PBXBuildFile; fileRef = E440546A296D1E010033549B /* IQPreviousNextView.swift */; };
		E4405471296D1E010033549B /* IQInvocation.swift in Sources */ = {isa = PBXBuildFile; fileRef = E440546B296D1E010033549B /* IQInvocation.swift */; };
		E4405472296D1E010033549B /* IQToolbar.swift in Sources */ = {isa = PBXBuildFile; fileRef = E440546C296D1E010033549B /* IQToolbar.swift */; };
		E4405474296D1E190033549B /* IQTextView.swift in Sources */ = {isa = PBXBuildFile; fileRef = E4405473296D1E190033549B /* IQTextView.swift */; };
		E4405477296D1E2D0033549B /* IQKeyboardManagerConstantsInternal.swift in Sources */ = {isa = PBXBuildFile; fileRef = E4405475296D1E2D0033549B /* IQKeyboardManagerConstantsInternal.swift */; };
		E4405478296D1E2D0033549B /* IQKeyboardManagerConstants.swift in Sources */ = {isa = PBXBuildFile; fileRef = E4405476296D1E2D0033549B /* IQKeyboardManagerConstants.swift */; };
		E440547E296D1E450033549B /* IQUIScrollView+Additions.swift in Sources */ = {isa = PBXBuildFile; fileRef = E4405479296D1E440033549B /* IQUIScrollView+Additions.swift */; };
		E440547F296D1E450033549B /* IQUIView+Hierarchy.swift in Sources */ = {isa = PBXBuildFile; fileRef = E440547A296D1E440033549B /* IQUIView+Hierarchy.swift */; };
		E4405480296D1E450033549B /* IQUITextFieldView+Additions.swift in Sources */ = {isa = PBXBuildFile; fileRef = E440547B296D1E450033549B /* IQUITextFieldView+Additions.swift */; };
		E4405481296D1E450033549B /* IQNSArray+Sort.swift in Sources */ = {isa = PBXBuildFile; fileRef = E440547C296D1E450033549B /* IQNSArray+Sort.swift */; };
		E4405482296D1E450033549B /* IQUIViewController+Additions.swift in Sources */ = {isa = PBXBuildFile; fileRef = E440547D296D1E450033549B /* IQUIViewController+Additions.swift */; };
		E4405484296D227C0033549B /* GoogleService-Info.plist in Resources */ = {isa = PBXBuildFile; fileRef = E4405483296D227C0033549B /* GoogleService-Info.plist */; };
		E4405487296D24B00033549B /* FirebaseAuth in Frameworks */ = {isa = PBXBuildFile; productRef = E4405486296D24B00033549B /* FirebaseAuth */; };
/* End PBXBuildFile section */

/* Begin PBXFileReference section */
		E4185C33296D30E70016AC81 /* LoginViewModel.swift */ = {isa = PBXFileReference; lastKnownFileType = sourcecode.swift; path = LoginViewModel.swift; sourceTree = "<group>"; };
		E4185C35296D385C0016AC81 /* ProfileModel.swift */ = {isa = PBXFileReference; lastKnownFileType = sourcecode.swift; path = ProfileModel.swift; sourceTree = "<group>"; };
		E4185C38296D3B750016AC81 /* ApiProfile.swift */ = {isa = PBXFileReference; lastKnownFileType = sourcecode.swift; path = ApiProfile.swift; sourceTree = "<group>"; };
		E4185C3A296D3F270016AC81 /* ProfileViewModel.swift */ = {isa = PBXFileReference; lastKnownFileType = sourcecode.swift; path = ProfileViewModel.swift; sourceTree = "<group>"; };
		E4185C3F296DC7AC0016AC81 /* DetailsViewController.swift */ = {isa = PBXFileReference; lastKnownFileType = sourcecode.swift; path = DetailsViewController.swift; sourceTree = "<group>"; };
		E4405408296CE9F40033549B /* Prueba Justo.app */ = {isa = PBXFileReference; explicitFileType = wrapper.application; includeInIndex = 0; path = "Prueba Justo.app"; sourceTree = BUILT_PRODUCTS_DIR; };
		E440540B296CE9F40033549B /* AppDelegate.swift */ = {isa = PBXFileReference; lastKnownFileType = sourcecode.swift; path = AppDelegate.swift; sourceTree = "<group>"; };
		E440540D296CE9F40033549B /* SceneDelegate.swift */ = {isa = PBXFileReference; lastKnownFileType = sourcecode.swift; path = SceneDelegate.swift; sourceTree = "<group>"; };
		E4405414296CE9F50033549B /* Assets.xcassets */ = {isa = PBXFileReference; lastKnownFileType = folder.assetcatalog; path = Assets.xcassets; sourceTree = "<group>"; };
		E4405417296CE9F50033549B /* Base */ = {isa = PBXFileReference; lastKnownFileType = file.storyboard; name = Base; path = Base.lproj/LaunchScreen.storyboard; sourceTree = "<group>"; };
		E4405419296CE9F50033549B /* Info.plist */ = {isa = PBXFileReference; lastKnownFileType = text.plist.xml; path = Info.plist; sourceTree = "<group>"; };
		E4405424296CED600033549B /* HeaderFactory.swift */ = {isa = PBXFileReference; lastKnownFileType = sourcecode.swift; path = HeaderFactory.swift; sourceTree = "<group>"; };
		E4405426296CED600033549B /* EncodeUtils.swift */ = {isa = PBXFileReference; lastKnownFileType = sourcecode.swift; path = EncodeUtils.swift; sourceTree = "<group>"; };
		E4405427296CED600033549B /* NetworkService.swift */ = {isa = PBXFileReference; lastKnownFileType = sourcecode.swift; path = NetworkService.swift; sourceTree = "<group>"; };
		E4405428296CED600033549B /* ServiceConfig.swift */ = {isa = PBXFileReference; lastKnownFileType = sourcecode.swift; path = ServiceConfig.swift; sourceTree = "<group>"; };
		E4405429296CED600033549B /* Enviroment.swift */ = {isa = PBXFileReference; lastKnownFileType = sourcecode.swift; path = Enviroment.swift; sourceTree = "<group>"; };
		E4405432296CEDA20033549B /* Initable.swift */ = {isa = PBXFileReference; fileEncoding = 4; lastKnownFileType = sourcecode.swift; path = Initable.swift; sourceTree = "<group>"; };
		E4405433296CEDA20033549B /* Request.swift */ = {isa = PBXFileReference; fileEncoding = 4; lastKnownFileType = sourcecode.swift; path = Request.swift; sourceTree = "<group>"; };
		E440543A296CEE430033549B /* Extensions.swift */ = {isa = PBXFileReference; lastKnownFileType = sourcecode.swift; path = Extensions.swift; sourceTree = "<group>"; };
		E440543E296CF7370033549B /* LoginViewController.swift */ = {isa = PBXFileReference; lastKnownFileType = sourcecode.swift; path = LoginViewController.swift; sourceTree = "<group>"; };
		E4405440296CF7440033549B /* ProfileViewController.swift */ = {isa = PBXFileReference; lastKnownFileType = sourcecode.swift; path = ProfileViewController.swift; sourceTree = "<group>"; };
		E4405442296CFA570033549B /* AppConstraints.swift */ = {isa = PBXFileReference; lastKnownFileType = sourcecode.swift; path = AppConstraints.swift; sourceTree = "<group>"; };
		E4405444296CFEB10033549B /* AppColors.swift */ = {isa = PBXFileReference; lastKnownFileType = sourcecode.swift; path = AppColors.swift; sourceTree = "<group>"; };
		E440544B296D04DF0033549B /* PrimaryButton.swift */ = {isa = PBXFileReference; lastKnownFileType = sourcecode.swift; path = PrimaryButton.swift; sourceTree = "<group>"; };
		E440544D296D055D0033549B /* AppConstants.swift */ = {isa = PBXFileReference; lastKnownFileType = sourcecode.swift; path = AppConstants.swift; sourceTree = "<group>"; };
		E4405450296D1DB20033549B /* IQKeyboardManagerSwift.h */ = {isa = PBXFileReference; fileEncoding = 4; lastKnownFileType = sourcecode.c.h; path = IQKeyboardManagerSwift.h; sourceTree = "<group>"; };
		E4405451296D1DB20033549B /* IQKeyboardManager.swift */ = {isa = PBXFileReference; fileEncoding = 4; lastKnownFileType = sourcecode.swift; path = IQKeyboardManager.swift; sourceTree = "<group>"; };
		E4405452296D1DB20033549B /* IQKeyboardManager+Debug.swift */ = {isa = PBXFileReference; fileEncoding = 4; lastKnownFileType = sourcecode.swift; path = "IQKeyboardManager+Debug.swift"; sourceTree = "<group>"; };
		E4405453296D1DB20033549B /* IQKeyboardManager+UIKeyboardNotification.swift */ = {isa = PBXFileReference; fileEncoding = 4; lastKnownFileType = sourcecode.swift; path = "IQKeyboardManager+UIKeyboardNotification.swift"; sourceTree = "<group>"; };
		E4405454296D1DB20033549B /* IQKeyboardManager+Internal.swift */ = {isa = PBXFileReference; fileEncoding = 4; lastKnownFileType = sourcecode.swift; path = "IQKeyboardManager+Internal.swift"; sourceTree = "<group>"; };
		E4405455296D1DB20033549B /* IQKeyboardManager+OrientationNotification.swift */ = {isa = PBXFileReference; fileEncoding = 4; lastKnownFileType = sourcecode.swift; path = "IQKeyboardManager+OrientationNotification.swift"; sourceTree = "<group>"; };
		E4405456296D1DB20033549B /* IQKeyboardManager+UITextFieldViewNotification.swift */ = {isa = PBXFileReference; fileEncoding = 4; lastKnownFileType = sourcecode.swift; path = "IQKeyboardManager+UITextFieldViewNotification.swift"; sourceTree = "<group>"; };
		E4405457296D1DB20033549B /* IQKeyboardManager+Position.swift */ = {isa = PBXFileReference; fileEncoding = 4; lastKnownFileType = sourcecode.swift; path = "IQKeyboardManager+Position.swift"; sourceTree = "<group>"; };
		E4405458296D1DB30033549B /* IQKeyboardReturnKeyHandler.swift */ = {isa = PBXFileReference; fileEncoding = 4; lastKnownFileType = sourcecode.swift; path = IQKeyboardReturnKeyHandler.swift; sourceTree = "<group>"; };
		E4405459296D1DB30033549B /* IQKeyboardManager+Toolbar.swift */ = {isa = PBXFileReference; fileEncoding = 4; lastKnownFileType = sourcecode.swift; path = "IQKeyboardManager+Toolbar.swift"; sourceTree = "<group>"; };
		E4405467296D1E010033549B /* IQBarButtonItem.swift */ = {isa = PBXFileReference; fileEncoding = 4; lastKnownFileType = sourcecode.swift; path = IQBarButtonItem.swift; sourceTree = "<group>"; };
		E4405468296D1E010033549B /* IQTitleBarButtonItem.swift */ = {isa = PBXFileReference; fileEncoding = 4; lastKnownFileType = sourcecode.swift; path = IQTitleBarButtonItem.swift; sourceTree = "<group>"; };
		E4405469296D1E010033549B /* IQUIView+IQKeyboardToolbar.swift */ = {isa = PBXFileReference; fileEncoding = 4; lastKnownFileType = sourcecode.swift; path = "IQUIView+IQKeyboardToolbar.swift"; sourceTree = "<group>"; };
		E440546A296D1E010033549B /* IQPreviousNextView.swift */ = {isa = PBXFileReference; fileEncoding = 4; lastKnownFileType = sourcecode.swift; path = IQPreviousNextView.swift; sourceTree = "<group>"; };
		E440546B296D1E010033549B /* IQInvocation.swift */ = {isa = PBXFileReference; fileEncoding = 4; lastKnownFileType = sourcecode.swift; path = IQInvocation.swift; sourceTree = "<group>"; };
		E440546C296D1E010033549B /* IQToolbar.swift */ = {isa = PBXFileReference; fileEncoding = 4; lastKnownFileType = sourcecode.swift; path = IQToolbar.swift; sourceTree = "<group>"; };
		E4405473296D1E190033549B /* IQTextView.swift */ = {isa = PBXFileReference; fileEncoding = 4; lastKnownFileType = sourcecode.swift; path = IQTextView.swift; sourceTree = "<group>"; };
		E4405475296D1E2D0033549B /* IQKeyboardManagerConstantsInternal.swift */ = {isa = PBXFileReference; fileEncoding = 4; lastKnownFileType = sourcecode.swift; path = IQKeyboardManagerConstantsInternal.swift; sourceTree = "<group>"; };
		E4405476296D1E2D0033549B /* IQKeyboardManagerConstants.swift */ = {isa = PBXFileReference; fileEncoding = 4; lastKnownFileType = sourcecode.swift; path = IQKeyboardManagerConstants.swift; sourceTree = "<group>"; };
		E4405479296D1E440033549B /* IQUIScrollView+Additions.swift */ = {isa = PBXFileReference; fileEncoding = 4; lastKnownFileType = sourcecode.swift; path = "IQUIScrollView+Additions.swift"; sourceTree = "<group>"; };
		E440547A296D1E440033549B /* IQUIView+Hierarchy.swift */ = {isa = PBXFileReference; fileEncoding = 4; lastKnownFileType = sourcecode.swift; path = "IQUIView+Hierarchy.swift"; sourceTree = "<group>"; };
		E440547B296D1E450033549B /* IQUITextFieldView+Additions.swift */ = {isa = PBXFileReference; fileEncoding = 4; lastKnownFileType = sourcecode.swift; path = "IQUITextFieldView+Additions.swift"; sourceTree = "<group>"; };
		E440547C296D1E450033549B /* IQNSArray+Sort.swift */ = {isa = PBXFileReference; fileEncoding = 4; lastKnownFileType = sourcecode.swift; path = "IQNSArray+Sort.swift"; sourceTree = "<group>"; };
		E440547D296D1E450033549B /* IQUIViewController+Additions.swift */ = {isa = PBXFileReference; fileEncoding = 4; lastKnownFileType = sourcecode.swift; path = "IQUIViewController+Additions.swift"; sourceTree = "<group>"; };
		E4405483296D227C0033549B /* GoogleService-Info.plist */ = {isa = PBXFileReference; fileEncoding = 4; lastKnownFileType = text.plist.xml; path = "GoogleService-Info.plist"; sourceTree = "<group>"; };
/* End PBXFileReference section */

/* Begin PBXFrameworksBuildPhase section */
		E4405405296CE9F40033549B /* Frameworks */ = {
			isa = PBXFrameworksBuildPhase;
			buildActionMask = 2147483647;
			files = (
				E4405438296CEDC60033549B /* RxAlamofire in Frameworks */,
				E4405487296D24B00033549B /* FirebaseAuth in Frameworks */,
				E4185C3E296D428E0016AC81 /* SDWebImage in Frameworks */,
				E4405448296D00020033549B /* MaterialOutlinedTextField in Frameworks */,
			);
			runOnlyForDeploymentPostprocessing = 0;
		};
/* End PBXFrameworksBuildPhase section */

/* Begin PBXGroup section */
		E4185C37296D3B640016AC81 /* Services */ = {
			isa = PBXGroup;
			children = (
				E4185C38296D3B750016AC81 /* ApiProfile.swift */,
			);
			path = Services;
			sourceTree = "<group>";
		};
		E44053FF296CE9F30033549B = {
			isa = PBXGroup;
			children = (
				E440540A296CE9F40033549B /* Prueba Justo */,
				E4405409296CE9F40033549B /* Products */,
			);
			sourceTree = "<group>";
		};
		E4405409296CE9F40033549B /* Products */ = {
			isa = PBXGroup;
			children = (
				E4405408296CE9F40033549B /* Prueba Justo.app */,
			);
			name = Products;
			sourceTree = "<group>";
		};
		E440540A296CE9F40033549B /* Prueba Justo */ = {
			isa = PBXGroup;
			children = (
				E4405421296CED330033549B /* Model */,
				E4405420296CED2D0033549B /* View */,
				E440541F296CED110033549B /* ViewModel */,
				E440540B296CE9F40033549B /* AppDelegate.swift */,
				E440540D296CE9F40033549B /* SceneDelegate.swift */,
				E4405414296CE9F50033549B /* Assets.xcassets */,
				E4405416296CE9F50033549B /* LaunchScreen.storyboard */,
				E4405419296CE9F50033549B /* Info.plist */,
				E4405483296D227C0033549B /* GoogleService-Info.plist */,
			);
			path = "Prueba Justo";
			sourceTree = "<group>";
		};
		E440541F296CED110033549B /* ViewModel */ = {
			isa = PBXGroup;
			children = (
				E4185C33296D30E70016AC81 /* LoginViewModel.swift */,
				E4185C3A296D3F270016AC81 /* ProfileViewModel.swift */,
				E4185C37296D3B640016AC81 /* Services */,
				E4405430296CED680033549B /* Config */,
			);
			path = ViewModel;
			sourceTree = "<group>";
		};
		E4405420296CED2D0033549B /* View */ = {
			isa = PBXGroup;
			children = (
				E440543E296CF7370033549B /* LoginViewController.swift */,
				E4405440296CF7440033549B /* ProfileViewController.swift */,
				E4185C3F296DC7AC0016AC81 /* DetailsViewController.swift */,
				E4405449296D04BD0033549B /* Common */,
				E4405439296CEE1D0033549B /* Helpers */,
			);
			path = View;
			sourceTree = "<group>";
		};
		E4405421296CED330033549B /* Model */ = {
			isa = PBXGroup;
			children = (
				E4185C35296D385C0016AC81 /* ProfileModel.swift */,
				E4405431296CED7F0033549B /* ModelConfig */,
			);
			path = Model;
			sourceTree = "<group>";
		};
		E4405430296CED680033549B /* Config */ = {
			isa = PBXGroup;
			children = (
				E4405426296CED600033549B /* EncodeUtils.swift */,
				E4405429296CED600033549B /* Enviroment.swift */,
				E4405424296CED600033549B /* HeaderFactory.swift */,
				E4405427296CED600033549B /* NetworkService.swift */,
				E4405428296CED600033549B /* ServiceConfig.swift */,
			);
			path = Config;
			sourceTree = "<group>";
		};
		E4405431296CED7F0033549B /* ModelConfig */ = {
			isa = PBXGroup;
			children = (
				E4405432296CEDA20033549B /* Initable.swift */,
				E4405433296CEDA20033549B /* Request.swift */,
			);
			path = ModelConfig;
			sourceTree = "<group>";
		};
		E4405439296CEE1D0033549B /* Helpers */ = {
			isa = PBXGroup;
			children = (
				E440543A296CEE430033549B /* Extensions.swift */,
				E4405442296CFA570033549B /* AppConstraints.swift */,
				E4405444296CFEB10033549B /* AppColors.swift */,
				E440544D296D055D0033549B /* AppConstants.swift */,
			);
			path = Helpers;
			sourceTree = "<group>";
		};
		E4405449296D04BD0033549B /* Common */ = {
			isa = PBXGroup;
			children = (
				E440544F296D1D900033549B /* IQKeyboardManagerSwift */,
				E440544A296D04CE0033549B /* Buttons */,
			);
			path = Common;
			sourceTree = "<group>";
		};
		E440544A296D04CE0033549B /* Buttons */ = {
			isa = PBXGroup;
			children = (
				E440544B296D04DF0033549B /* PrimaryButton.swift */,
			);
			path = Buttons;
			sourceTree = "<group>";
		};
		E440544F296D1D900033549B /* IQKeyboardManagerSwift */ = {
			isa = PBXGroup;
			children = (
				E4405466296D1DE60033549B /* IQToolbar */,
				E4405465296D1DDD0033549B /* IQTextView */,
				E4405464296D1DD20033549B /* Constants */,
				E4405463296D1DC80033549B /* Categories */,
				E4405451296D1DB20033549B /* IQKeyboardManager.swift */,
				E4405452296D1DB20033549B /* IQKeyboardManager+Debug.swift */,
				E4405454296D1DB20033549B /* IQKeyboardManager+Internal.swift */,
				E4405455296D1DB20033549B /* IQKeyboardManager+OrientationNotification.swift */,
				E4405457296D1DB20033549B /* IQKeyboardManager+Position.swift */,
				E4405459296D1DB30033549B /* IQKeyboardManager+Toolbar.swift */,
				E4405453296D1DB20033549B /* IQKeyboardManager+UIKeyboardNotification.swift */,
				E4405456296D1DB20033549B /* IQKeyboardManager+UITextFieldViewNotification.swift */,
				E4405450296D1DB20033549B /* IQKeyboardManagerSwift.h */,
				E4405458296D1DB30033549B /* IQKeyboardReturnKeyHandler.swift */,
			);
			path = IQKeyboardManagerSwift;
			sourceTree = "<group>";
		};
		E4405463296D1DC80033549B /* Categories */ = {
			isa = PBXGroup;
			children = (
				E440547C296D1E450033549B /* IQNSArray+Sort.swift */,
				E4405479296D1E440033549B /* IQUIScrollView+Additions.swift */,
				E440547B296D1E450033549B /* IQUITextFieldView+Additions.swift */,
				E440547A296D1E440033549B /* IQUIView+Hierarchy.swift */,
				E440547D296D1E450033549B /* IQUIViewController+Additions.swift */,
			);
			path = Categories;
			sourceTree = "<group>";
		};
		E4405464296D1DD20033549B /* Constants */ = {
			isa = PBXGroup;
			children = (
				E4405476296D1E2D0033549B /* IQKeyboardManagerConstants.swift */,
				E4405475296D1E2D0033549B /* IQKeyboardManagerConstantsInternal.swift */,
			);
			path = Constants;
			sourceTree = "<group>";
		};
		E4405465296D1DDD0033549B /* IQTextView */ = {
			isa = PBXGroup;
			children = (
				E4405473296D1E190033549B /* IQTextView.swift */,
			);
			path = IQTextView;
			sourceTree = "<group>";
		};
		E4405466296D1DE60033549B /* IQToolbar */ = {
			isa = PBXGroup;
			children = (
				E4405467296D1E010033549B /* IQBarButtonItem.swift */,
				E440546B296D1E010033549B /* IQInvocation.swift */,
				E440546A296D1E010033549B /* IQPreviousNextView.swift */,
				E4405468296D1E010033549B /* IQTitleBarButtonItem.swift */,
				E440546C296D1E010033549B /* IQToolbar.swift */,
				E4405469296D1E010033549B /* IQUIView+IQKeyboardToolbar.swift */,
			);
			path = IQToolbar;
			sourceTree = "<group>";
		};
/* End PBXGroup section */

/* Begin PBXNativeTarget section */
		E4405407296CE9F40033549B /* Prueba Justo */ = {
			isa = PBXNativeTarget;
			buildConfigurationList = E440541C296CE9F50033549B /* Build configuration list for PBXNativeTarget "Prueba Justo" */;
			buildPhases = (
				E4405404296CE9F40033549B /* Sources */,
				E4405405296CE9F40033549B /* Frameworks */,
				E4405406296CE9F40033549B /* Resources */,
			);
			buildRules = (
			);
			dependencies = (
			);
			name = "Prueba Justo";
			packageProductDependencies = (
				E4405437296CEDC60033549B /* RxAlamofire */,
				E4405447296D00020033549B /* MaterialOutlinedTextField */,
				E4405486296D24B00033549B /* FirebaseAuth */,
				E4185C3D296D428E0016AC81 /* SDWebImage */,
			);
			productName = "Prueba Justo";
			productReference = E4405408296CE9F40033549B /* Prueba Justo.app */;
			productType = "com.apple.product-type.application";
		};
/* End PBXNativeTarget section */

/* Begin PBXProject section */
		E4405400296CE9F30033549B /* Project object */ = {
			isa = PBXProject;
			attributes = {
				BuildIndependentTargetsInParallel = 1;
				LastSwiftUpdateCheck = 1420;
				LastUpgradeCheck = 1420;
				TargetAttributes = {
					E4405407296CE9F40033549B = {
						CreatedOnToolsVersion = 14.2;
					};
				};
			};
			buildConfigurationList = E4405403296CE9F40033549B /* Build configuration list for PBXProject "Prueba Justo" */;
			compatibilityVersion = "Xcode 14.0";
			developmentRegion = en;
			hasScannedForEncodings = 0;
			knownRegions = (
				en,
				Base,
			);
			mainGroup = E44053FF296CE9F30033549B;
			packageReferences = (
				E4405436296CEDC60033549B /* XCRemoteSwiftPackageReference "RxAlamofire" */,
				E4405446296D00020033549B /* XCRemoteSwiftPackageReference "MaterialOutlinedTextField" */,
				E4405485296D24B00033549B /* XCRemoteSwiftPackageReference "firebase-ios-sdk" */,
				E4185C3C296D428E0016AC81 /* XCRemoteSwiftPackageReference "SDWebImage" */,
			);
			productRefGroup = E4405409296CE9F40033549B /* Products */;
			projectDirPath = "";
			projectRoot = "";
			targets = (
				E4405407296CE9F40033549B /* Prueba Justo */,
			);
		};
/* End PBXProject section */

/* Begin PBXResourcesBuildPhase section */
		E4405406296CE9F40033549B /* Resources */ = {
			isa = PBXResourcesBuildPhase;
			buildActionMask = 2147483647;
			files = (
				E4405418296CE9F50033549B /* LaunchScreen.storyboard in Resources */,
				E4405415296CE9F50033549B /* Assets.xcassets in Resources */,
				E4405484296D227C0033549B /* GoogleService-Info.plist in Resources */,
			);
			runOnlyForDeploymentPostprocessing = 0;
		};
/* End PBXResourcesBuildPhase section */

/* Begin PBXSourcesBuildPhase section */
		E4405404296CE9F40033549B /* Sources */ = {
			isa = PBXSourcesBuildPhase;
			buildActionMask = 2147483647;
			files = (
				E4405481296D1E450033549B /* IQNSArray+Sort.swift in Sources */,
				E440545F296D1DB30033549B /* IQKeyboardManager+UITextFieldViewNotification.swift in Sources */,
				E440542C296CED600033549B /* ServiceConfig.swift in Sources */,
				E4185C40296DC7AC0016AC81 /* DetailsViewController.swift in Sources */,
				E4405461296D1DB30033549B /* IQKeyboardReturnKeyHandler.swift in Sources */,
				E4185C39296D3B750016AC81 /* ApiProfile.swift in Sources */,
				E4185C34296D30E70016AC81 /* LoginViewModel.swift in Sources */,
				E4185C36296D385C0016AC81 /* ProfileModel.swift in Sources */,
				E440545C296D1DB30033549B /* IQKeyboardManager+UIKeyboardNotification.swift in Sources */,
				E440547F296D1E450033549B /* IQUIView+Hierarchy.swift in Sources */,
				E4405482296D1E450033549B /* IQUIViewController+Additions.swift in Sources */,
				E4405462296D1DB30033549B /* IQKeyboardManager+Toolbar.swift in Sources */,
				E4405474296D1E190033549B /* IQTextView.swift in Sources */,
				E440545D296D1DB30033549B /* IQKeyboardManager+Internal.swift in Sources */,
				E4405434296CEDA20033549B /* Initable.swift in Sources */,
				E440540C296CE9F40033549B /* AppDelegate.swift in Sources */,
				E440542A296CED600033549B /* NetworkService.swift in Sources */,
				E4405478296D1E2D0033549B /* IQKeyboardManagerConstants.swift in Sources */,
				E4405471296D1E010033549B /* IQInvocation.swift in Sources */,
				E4405472296D1E010033549B /* IQToolbar.swift in Sources */,
				E440546E296D1E010033549B /* IQTitleBarButtonItem.swift in Sources */,
				E440542B296CED600033549B /* Enviroment.swift in Sources */,
				E4405477296D1E2D0033549B /* IQKeyboardManagerConstantsInternal.swift in Sources */,
				E440543B296CEE430033549B /* Extensions.swift in Sources */,
				E4405460296D1DB30033549B /* IQKeyboardManager+Position.swift in Sources */,
				E4405441296CF7440033549B /* ProfileViewController.swift in Sources */,
				E440546F296D1E010033549B /* IQUIView+IQKeyboardToolbar.swift in Sources */,
				E440540E296CE9F40033549B /* SceneDelegate.swift in Sources */,
				E440542E296CED600033549B /* EncodeUtils.swift in Sources */,
				E4185C3B296D3F270016AC81 /* ProfileViewModel.swift in Sources */,
				E440545E296D1DB30033549B /* IQKeyboardManager+OrientationNotification.swift in Sources */,
				E4405480296D1E450033549B /* IQUITextFieldView+Additions.swift in Sources */,
				E4405435296CEDA20033549B /* Request.swift in Sources */,
				E440542F296CED600033549B /* HeaderFactory.swift in Sources */,
				E440545A296D1DB30033549B /* IQKeyboardManager.swift in Sources */,
				E440545B296D1DB30033549B /* IQKeyboardManager+Debug.swift in Sources */,
				E440544E296D055D0033549B /* AppConstants.swift in Sources */,
				E4405470296D1E010033549B /* IQPreviousNextView.swift in Sources */,
				E4405445296CFEB10033549B /* AppColors.swift in Sources */,
				E440546D296D1E010033549B /* IQBarButtonItem.swift in Sources */,
				E440544C296D04DF0033549B /* PrimaryButton.swift in Sources */,
				E440543F296CF7370033549B /* LoginViewController.swift in Sources */,
				E440547E296D1E450033549B /* IQUIScrollView+Additions.swift in Sources */,
				E4405443296CFA570033549B /* AppConstraints.swift in Sources */,
			);
			runOnlyForDeploymentPostprocessing = 0;
		};
/* End PBXSourcesBuildPhase section */

/* Begin PBXVariantGroup section */
		E4405416296CE9F50033549B /* LaunchScreen.storyboard */ = {
			isa = PBXVariantGroup;
			children = (
				E4405417296CE9F50033549B /* Base */,
			);
			name = LaunchScreen.storyboard;
			sourceTree = "<group>";
		};
/* End PBXVariantGroup section */

/* Begin XCBuildConfiguration section */
		E440541A296CE9F50033549B /* Debug */ = {
			isa = XCBuildConfiguration;
			buildSettings = {
				ALWAYS_SEARCH_USER_PATHS = NO;
				CLANG_ANALYZER_NONNULL = YES;
				CLANG_ANALYZER_NUMBER_OBJECT_CONVERSION = YES_AGGRESSIVE;
				CLANG_CXX_LANGUAGE_STANDARD = "gnu++20";
				CLANG_ENABLE_MODULES = YES;
				CLANG_ENABLE_OBJC_ARC = YES;
				CLANG_ENABLE_OBJC_WEAK = YES;
				CLANG_WARN_BLOCK_CAPTURE_AUTORELEASING = YES;
				CLANG_WARN_BOOL_CONVERSION = YES;
				CLANG_WARN_COMMA = YES;
				CLANG_WARN_CONSTANT_CONVERSION = YES;
				CLANG_WARN_DEPRECATED_OBJC_IMPLEMENTATIONS = YES;
				CLANG_WARN_DIRECT_OBJC_ISA_USAGE = YES_ERROR;
				CLANG_WARN_DOCUMENTATION_COMMENTS = YES;
				CLANG_WARN_EMPTY_BODY = YES;
				CLANG_WARN_ENUM_CONVERSION = YES;
				CLANG_WARN_INFINITE_RECURSION = YES;
				CLANG_WARN_INT_CONVERSION = YES;
				CLANG_WARN_NON_LITERAL_NULL_CONVERSION = YES;
				CLANG_WARN_OBJC_IMPLICIT_RETAIN_SELF = YES;
				CLANG_WARN_OBJC_LITERAL_CONVERSION = YES;
				CLANG_WARN_OBJC_ROOT_CLASS = YES_ERROR;
				CLANG_WARN_QUOTED_INCLUDE_IN_FRAMEWORK_HEADER = YES;
				CLANG_WARN_RANGE_LOOP_ANALYSIS = YES;
				CLANG_WARN_STRICT_PROTOTYPES = YES;
				CLANG_WARN_SUSPICIOUS_MOVE = YES;
				CLANG_WARN_UNGUARDED_AVAILABILITY = YES_AGGRESSIVE;
				CLANG_WARN_UNREACHABLE_CODE = YES;
				CLANG_WARN__DUPLICATE_METHOD_MATCH = YES;
				COPY_PHASE_STRIP = NO;
				DEBUG_INFORMATION_FORMAT = dwarf;
				ENABLE_STRICT_OBJC_MSGSEND = YES;
				ENABLE_TESTABILITY = YES;
				GCC_C_LANGUAGE_STANDARD = gnu11;
				GCC_DYNAMIC_NO_PIC = NO;
				GCC_NO_COMMON_BLOCKS = YES;
				GCC_OPTIMIZATION_LEVEL = 0;
				GCC_PREPROCESSOR_DEFINITIONS = (
					"DEBUG=1",
					"$(inherited)",
				);
				GCC_WARN_64_TO_32_BIT_CONVERSION = YES;
				GCC_WARN_ABOUT_RETURN_TYPE = YES_ERROR;
				GCC_WARN_UNDECLARED_SELECTOR = YES;
				GCC_WARN_UNINITIALIZED_AUTOS = YES_AGGRESSIVE;
				GCC_WARN_UNUSED_FUNCTION = YES;
				GCC_WARN_UNUSED_VARIABLE = YES;
				IPHONEOS_DEPLOYMENT_TARGET = 16.2;
				MTL_ENABLE_DEBUG_INFO = INCLUDE_SOURCE;
				MTL_FAST_MATH = YES;
				ONLY_ACTIVE_ARCH = YES;
				SDKROOT = iphoneos;
				SWIFT_ACTIVE_COMPILATION_CONDITIONS = DEBUG;
				SWIFT_OPTIMIZATION_LEVEL = "-Onone";
			};
			name = Debug;
		};
		E440541B296CE9F50033549B /* Release */ = {
			isa = XCBuildConfiguration;
			buildSettings = {
				ALWAYS_SEARCH_USER_PATHS = NO;
				CLANG_ANALYZER_NONNULL = YES;
				CLANG_ANALYZER_NUMBER_OBJECT_CONVERSION = YES_AGGRESSIVE;
				CLANG_CXX_LANGUAGE_STANDARD = "gnu++20";
				CLANG_ENABLE_MODULES = YES;
				CLANG_ENABLE_OBJC_ARC = YES;
				CLANG_ENABLE_OBJC_WEAK = YES;
				CLANG_WARN_BLOCK_CAPTURE_AUTORELEASING = YES;
				CLANG_WARN_BOOL_CONVERSION = YES;
				CLANG_WARN_COMMA = YES;
				CLANG_WARN_CONSTANT_CONVERSION = YES;
				CLANG_WARN_DEPRECATED_OBJC_IMPLEMENTATIONS = YES;
				CLANG_WARN_DIRECT_OBJC_ISA_USAGE = YES_ERROR;
				CLANG_WARN_DOCUMENTATION_COMMENTS = YES;
				CLANG_WARN_EMPTY_BODY = YES;
				CLANG_WARN_ENUM_CONVERSION = YES;
				CLANG_WARN_INFINITE_RECURSION = YES;
				CLANG_WARN_INT_CONVERSION = YES;
				CLANG_WARN_NON_LITERAL_NULL_CONVERSION = YES;
				CLANG_WARN_OBJC_IMPLICIT_RETAIN_SELF = YES;
				CLANG_WARN_OBJC_LITERAL_CONVERSION = YES;
				CLANG_WARN_OBJC_ROOT_CLASS = YES_ERROR;
				CLANG_WARN_QUOTED_INCLUDE_IN_FRAMEWORK_HEADER = YES;
				CLANG_WARN_RANGE_LOOP_ANALYSIS = YES;
				CLANG_WARN_STRICT_PROTOTYPES = YES;
				CLANG_WARN_SUSPICIOUS_MOVE = YES;
				CLANG_WARN_UNGUARDED_AVAILABILITY = YES_AGGRESSIVE;
				CLANG_WARN_UNREACHABLE_CODE = YES;
				CLANG_WARN__DUPLICATE_METHOD_MATCH = YES;
				COPY_PHASE_STRIP = NO;
				DEBUG_INFORMATION_FORMAT = "dwarf-with-dsym";
				ENABLE_NS_ASSERTIONS = NO;
				ENABLE_STRICT_OBJC_MSGSEND = YES;
				GCC_C_LANGUAGE_STANDARD = gnu11;
				GCC_NO_COMMON_BLOCKS = YES;
				GCC_WARN_64_TO_32_BIT_CONVERSION = YES;
				GCC_WARN_ABOUT_RETURN_TYPE = YES_ERROR;
				GCC_WARN_UNDECLARED_SELECTOR = YES;
				GCC_WARN_UNINITIALIZED_AUTOS = YES_AGGRESSIVE;
				GCC_WARN_UNUSED_FUNCTION = YES;
				GCC_WARN_UNUSED_VARIABLE = YES;
				IPHONEOS_DEPLOYMENT_TARGET = 16.2;
				MTL_ENABLE_DEBUG_INFO = NO;
				MTL_FAST_MATH = YES;
				SDKROOT = iphoneos;
				SWIFT_COMPILATION_MODE = wholemodule;
				SWIFT_OPTIMIZATION_LEVEL = "-O";
				VALIDATE_PRODUCT = YES;
			};
			name = Release;
		};
		E440541D296CE9F50033549B /* Debug */ = {
			isa = XCBuildConfiguration;
			buildSettings = {
				ASSETCATALOG_COMPILER_APPICON_NAME = AppIcon;
				ASSETCATALOG_COMPILER_GLOBAL_ACCENT_COLOR_NAME = AccentColor;
				CODE_SIGN_STYLE = Automatic;
				CURRENT_PROJECT_VERSION = 1;
				DEVELOPMENT_TEAM = 8VCZWUJGUH;
				GENERATE_INFOPLIST_FILE = YES;
				INFOPLIST_FILE = "Prueba Justo/Info.plist";
				INFOPLIST_KEY_CFBundleDisplayName = Justo.mx;
				INFOPLIST_KEY_UIApplicationSupportsIndirectInputEvents = YES;
				INFOPLIST_KEY_UILaunchStoryboardName = LaunchScreen;
				INFOPLIST_KEY_UISupportedInterfaceOrientations = UIInterfaceOrientationPortrait;
				INFOPLIST_KEY_UISupportedInterfaceOrientations_iPad = "UIInterfaceOrientationLandscapeLeft UIInterfaceOrientationLandscapeRight UIInterfaceOrientationPortrait UIInterfaceOrientationPortraitUpsideDown";
				IPHONEOS_DEPLOYMENT_TARGET = 13.0;
				LD_RUNPATH_SEARCH_PATHS = (
					"$(inherited)",
					"@executable_path/Frameworks",
				);
				MARKETING_VERSION = 1.0;
				PRODUCT_BUNDLE_IDENTIFIER = "Justo.Prueba-Justo";
				PRODUCT_NAME = "$(TARGET_NAME)";
				SUPPORTED_PLATFORMS = "iphoneos iphonesimulator";
				SUPPORTS_MACCATALYST = NO;
				SUPPORTS_MAC_DESIGNED_FOR_IPHONE_IPAD = YES;
				SWIFT_EMIT_LOC_STRINGS = YES;
				SWIFT_VERSION = 5.0;
				TARGETED_DEVICE_FAMILY = 1;
			};
			name = Debug;
		};
		E440541E296CE9F50033549B /* Release */ = {
			isa = XCBuildConfiguration;
			buildSettings = {
				ASSETCATALOG_COMPILER_APPICON_NAME = AppIcon;
				ASSETCATALOG_COMPILER_GLOBAL_ACCENT_COLOR_NAME = AccentColor;
				CODE_SIGN_STYLE = Automatic;
				CURRENT_PROJECT_VERSION = 1;
				DEVELOPMENT_TEAM = 8VCZWUJGUH;
				GENERATE_INFOPLIST_FILE = YES;
				INFOPLIST_FILE = "Prueba Justo/Info.plist";
				INFOPLIST_KEY_CFBundleDisplayName = Justo.mx;
				INFOPLIST_KEY_UIApplicationSupportsIndirectInputEvents = YES;
				INFOPLIST_KEY_UILaunchStoryboardName = LaunchScreen;
				INFOPLIST_KEY_UISupportedInterfaceOrientations = UIInterfaceOrientationPortrait;
				INFOPLIST_KEY_UISupportedInterfaceOrientations_iPad = "UIInterfaceOrientationLandscapeLeft UIInterfaceOrientationLandscapeRight UIInterfaceOrientationPortrait UIInterfaceOrientationPortraitUpsideDown";
				IPHONEOS_DEPLOYMENT_TARGET = 13.0;
				LD_RUNPATH_SEARCH_PATHS = (
					"$(inherited)",
					"@executable_path/Frameworks",
				);
				MARKETING_VERSION = 1.0;
				PRODUCT_BUNDLE_IDENTIFIER = "Justo.Prueba-Justo";
				PRODUCT_NAME = "$(TARGET_NAME)";
				SUPPORTED_PLATFORMS = "iphoneos iphonesimulator";
				SUPPORTS_MACCATALYST = NO;
				SUPPORTS_MAC_DESIGNED_FOR_IPHONE_IPAD = YES;
				SWIFT_EMIT_LOC_STRINGS = YES;
				SWIFT_VERSION = 5.0;
				TARGETED_DEVICE_FAMILY = 1;
			};
			name = Release;
		};
/* End XCBuildConfiguration section */

/* Begin XCConfigurationList section */
		E4405403296CE9F40033549B /* Build configuration list for PBXProject "Prueba Justo" */ = {
			isa = XCConfigurationList;
			buildConfigurations = (
				E440541A296CE9F50033549B /* Debug */,
				E440541B296CE9F50033549B /* Release */,
			);
			defaultConfigurationIsVisible = 0;
			defaultConfigurationName = Release;
		};
		E440541C296CE9F50033549B /* Build configuration list for PBXNativeTarget "Prueba Justo" */ = {
			isa = XCConfigurationList;
			buildConfigurations = (
				E440541D296CE9F50033549B /* Debug */,
				E440541E296CE9F50033549B /* Release */,
			);
			defaultConfigurationIsVisible = 0;
			defaultConfigurationName = Release;
		};
/* End XCConfigurationList section */

/* Begin XCRemoteSwiftPackageReference section */
		E4185C3C296D428E0016AC81 /* XCRemoteSwiftPackageReference "SDWebImage" */ = {
			isa = XCRemoteSwiftPackageReference;
			repositoryURL = "https://github.com/SDWebImage/SDWebImage";
			requirement = {
				kind = upToNextMajorVersion;
				minimumVersion = 5.0.0;
			};
		};
		E4405436296CEDC60033549B /* XCRemoteSwiftPackageReference "RxAlamofire" */ = {
			isa = XCRemoteSwiftPackageReference;
			repositoryURL = "https://github.com/RxSwiftCommunity/RxAlamofire.git";
			requirement = {
				kind = exactVersion;
				version = 5.1.0;
			};
		};
		E4405446296D00020033549B /* XCRemoteSwiftPackageReference "MaterialOutlinedTextField" */ = {
			isa = XCRemoteSwiftPackageReference;
			repositoryURL = "https://github.com/flowbe/MaterialOutlinedTextField.git";
			requirement = {
				branch = master;
				kind = branch;
			};
		};
		E4405485296D24B00033549B /* XCRemoteSwiftPackageReference "firebase-ios-sdk" */ = {
			isa = XCRemoteSwiftPackageReference;
			repositoryURL = "https://github.com/firebase/firebase-ios-sdk";
			requirement = {
				kind = upToNextMajorVersion;
				minimumVersion = 9.0.0;
			};
		};
/* End XCRemoteSwiftPackageReference section */

/* Begin XCSwiftPackageProductDependency section */
		E4185C3D296D428E0016AC81 /* SDWebImage */ = {
			isa = XCSwiftPackageProductDependency;
			package = E4185C3C296D428E0016AC81 /* XCRemoteSwiftPackageReference "SDWebImage" */;
			productName = SDWebImage;
		};
		E4405437296CEDC60033549B /* RxAlamofire */ = {
			isa = XCSwiftPackageProductDependency;
			package = E4405436296CEDC60033549B /* XCRemoteSwiftPackageReference "RxAlamofire" */;
			productName = RxAlamofire;
		};
		E4405447296D00020033549B /* MaterialOutlinedTextField */ = {
			isa = XCSwiftPackageProductDependency;
			package = E4405446296D00020033549B /* XCRemoteSwiftPackageReference "MaterialOutlinedTextField" */;
			productName = MaterialOutlinedTextField;
		};
		E4405486296D24B00033549B /* FirebaseAuth */ = {
			isa = XCSwiftPackageProductDependency;
			package = E4405485296D24B00033549B /* XCRemoteSwiftPackageReference "firebase-ios-sdk" */;
			productName = FirebaseAuth;
		};
/* End XCSwiftPackageProductDependency section */
	};
	rootObject = E4405400296CE9F30033549B /* Project object */;
}
